
Microsoft Visual Studio Solution File, Format Version 12.00
# Visual Studio Version 17
VisualStudioVersion = 17.11.35303.130
MinimumVisualStudioVersion = 10.0.40219.1
Project("{FAE04EC0-301F-11D3-BF4B-00C04F79EFBC}") = "PSBAv3", "PSBAv3\PSBAv3.csproj", "{2744A7B3-C739-4583-8592-2B147C5CEF41}"
EndProject
Project("{9A19103F-16F7-4668-BE54-9A1E7A4F7556}") = "Income_Console", "Income_Console\Income_Console.csproj", "{796CE5F2-BB22-48B3-AD5A-A42B66A3F81B}"
EndProject
Project("{9A19103F-16F7-4668-BE54-9A1E7A4F7556}") = "IncomeWebApi", "IncomeWebApi\IncomeWebApi.csproj", "{61003F4C-5FD2-4598-851A-9DE89DFCE3BF}"
EndProject
Global
	GlobalSection(SolutionConfigurationPlatforms) = preSolution
		Debug|Any CPU = Debug|Any CPU
		Release|Any CPU = Release|Any CPU
	EndGlobalSection
	GlobalSection(ProjectConfigurationPlatforms) = postSolution
		{2744A7B3-C739-4583-8592-2B147C5CEF41}.Debug|Any CPU.ActiveCfg = Debug|Any CPU
		{2744A7B3-C739-4583-8592-2B147C5CEF41}.Debug|Any CPU.Build.0 = Debug|Any CPU
		{2744A7B3-C739-4583-8592-2B147C5CEF41}.Release|Any CPU.ActiveCfg = Release|Any CPU
		{2744A7B3-C739-4583-8592-2B147C5CEF41}.Release|Any CPU.Build.0 = Release|Any CPU
		{796CE5F2-BB22-48B3-AD5A-A42B66A3F81B}.Debug|Any CPU.ActiveCfg = Debug|Any CPU
		{796CE5F2-BB22-48B3-AD5A-A42B66A3F81B}.Debug|Any CPU.Build.0 = Debug|Any CPU
		{796CE5F2-BB22-48B3-AD5A-A42B66A3F81B}.Release|Any CPU.ActiveCfg = Release|Any CPU
		{796CE5F2-BB22-48B3-AD5A-A42B66A3F81B}.Release|Any CPU.Build.0 = Release|Any CPU
		{61003F4C-5FD2-4598-851A-9DE89DFCE3BF}.Debug|Any CPU.ActiveCfg = Debug|Any CPU
		{61003F4C-5FD2-4598-851A-9DE89DFCE3BF}.Debug|Any CPU.Build.0 = Debug|Any CPU
		{61003F4C-5FD2-4598-851A-9DE89DFCE3BF}.Release|Any CPU.ActiveCfg = Release|Any CPU
		{61003F4C-5FD2-4598-851A-9DE89DFCE3BF}.Release|Any CPU.Build.0 = Release|Any CPU
	EndGlobalSection
	GlobalSection(SolutionProperties) = preSolution
		HideSolutionNode = FALSE
	EndGlobalSection
	GlobalSection(ExtensibilityGlobals) = postSolution
		SolutionGuid = {65EADF6F-A21F-442A-9DAF-D4FD0A58D6F9}
	EndGlobalSection
EndGlobal
